uuid: dbcc17ec-178e-42fb-bbdd-0f8b0a8140fa
langcode: en
status: true
dependencies:
  module:
    - paragraphs
    - plugin
_core:
  default_config_hash: e1PRJwNtWjZOBUUT9UivZ8HGFKYL-9udt67Sawis1Ro
id: paragraph.field_prgf_reg_block
field_name: field_prgf_reg_block
entity_type: paragraph
type: 'plugin:block'
settings: {  }
module: plugin
locked: false
cardinality: 1
translatable: true
indexes: {  }
persist_with_no_fields: false
custom_storage: false
