uuid: 1e22a31a-35e6-4ad9-b1e2-7a07f092e7e0
langcode: en
status: true
dependencies:
  module:
    - block_content
    - paragraphs
_core:
  default_config_hash: N92_lfS4xmZCtwHR1nWWIHRSBBV9L6LsZ1wX_GBGHro
id: paragraph.field_prgf_right_column_block
field_name: field_prgf_right_column_block
entity_type: paragraph
type: entity_reference
settings:
  target_type: block_content
module: core
locked: false
cardinality: 1
translatable: true
indexes: {  }
persist_with_no_fields: false
custom_storage: false
