uuid: d408a28a-ca51-4c60-a68c-b7d8899d8c70
langcode: en
status: true
dependencies:
  module:
    - paragraphs
_core:
  default_config_hash: tDuCDRUEcrV15IkMbwoWGniEosP9X4joOpZhOx-I2xw
id: paragraph.field_prgf_hide_program_block
field_name: field_prgf_hide_program_block
entity_type: paragraph
type: boolean
settings: {  }
module: core
locked: false
cardinality: 1
translatable: true
indexes: {  }
persist_with_no_fields: false
custom_storage: false
